
Microsoft Visual Studio Solution File, Format Version 12.00
# Visual Studio 15
VisualStudioVersion = 15.0.27428.2015
MinimumVisualStudioVersion = 10.0.40219.1
Project("{9A19103F-16F7-4668-BE54-9A1E7A4F7556}") = "DemoqaRegister", "DemoqaRegister\DemoqaRegister.csproj", "{D3A2BA95-6049-4FC2-8D7A-C8D06D2B7A3A}"
EndProject
Global
	GlobalSection(SolutionConfigurationPlatforms) = preSolution
		Debug|Any CPU = Debug|Any CPU
		Release|Any CPU = Release|Any CPU
	EndGlobalSection
	GlobalSection(ProjectConfigurationPlatforms) = postSolution
		{D3A2BA95-6049-4FC2-8D7A-C8D06D2B7A3A}.Debug|Any CPU.ActiveCfg = Debug|Any CPU
		{D3A2BA95-6049-4FC2-8D7A-C8D06D2B7A3A}.Debug|Any CPU.Build.0 = Debug|Any CPU
		{D3A2BA95-6049-4FC2-8D7A-C8D06D2B7A3A}.Release|Any CPU.ActiveCfg = Release|Any CPU
		{D3A2BA95-6049-4FC2-8D7A-C8D06D2B7A3A}.Release|Any CPU.Build.0 = Release|Any CPU
	EndGlobalSection
	GlobalSection(SolutionProperties) = preSolution
		HideSolutionNode = FALSE
	EndGlobalSection
	GlobalSection(ExtensibilityGlobals) = postSolution
		SolutionGuid = {4A4F6EEF-8E67-4AB8-9093-E15809A0B34D}
	EndGlobalSection
EndGlobal
